Microsoft Visual Studio Solution File, Format Version 10.00
# Visual Studio 2008
Project("{2150E333-8FDC-42A3-9474-1A3956D46DE8}") = "Solution Items", "Solution Items", "{17F87404-2417-4370-A97F-FD5B5C6EC50B}"
	ProjectSection(SolutionItems) = preProject
		..\ChangeLog = ..\ChangeLog
		..\configure.ac = ..\configure.ac
		..\INSTALL.Linux = ..\INSTALL.Linux
		..\INSTALL.Win32 = ..\INSTALL.Win32
		..\Makefile.am = ..\Makefile.am
		Makefile.am = Makefile.am
		..\distribute\Makefile.am = ..\distribute\Makefile.am
		Makefile.am.template = Makefile.am.template
		..\distribute\Makefile.am.template = ..\distribute\Makefile.am.template
		..\README = ..\README
	EndProjectSection
EndProject
Project("{8BC9CEB8-8B4A-11D0-8D11-00A0C91BC942}") = "Cities3D", "Cities3D\cities3d.vcproj", "{AD1A3536-8733-4020-8F47-0EF8DF13C51E}"
	ProjectSection(ProjectDependencies) = postProject
		{2F91DB2E-2D3E-44AE-9686-694F4B1798D3} = {2F91DB2E-2D3E-44AE-9686-694F4B1798D3}
		{88ED239B-60B5-4A18-8EBD-7005D751B6AA} = {88ED239B-60B5-4A18-8EBD-7005D751B6AA}
		{78649DCD-6123-4709-BEBD-A6D891EDFA80} = {78649DCD-6123-4709-BEBD-A6D891EDFA80}
		{78649DCD-6123-4709-BEBD-A6D891EDFA80} = {78649DCD-6123-4709-BEBD-A6D891EDFA80}
		{78649DCD-6123-4709-BEBD-A6D891EDFA80} = {78649DCD-6123-4709-BEBD-A6D891EDFA80}
		{FD41BDF3-5E44-4E07-898C-F47E34A38074} = {FD41BDF3-5E44-4E07-898C-F47E34A38074}
		{9FEE66FD-3663-4D13-AD12-71CC35596932} = {9FEE66FD-3663-4D13-AD12-71CC35596932}
	EndProjectSection
EndProject
Project("{8BC9CEB8-8B4A-11D0-8D11-00A0C91BC942}") = "DatabaseCore", "DatabaseCore\DatabaseCore.vcproj", "{78649DCD-6123-4709-BEBD-A6D891EDFA80}"
EndProject
Project("{8BC9CEB8-8B4A-11D0-8D11-00A0C91BC942}") = "UICore", "UICore\UICore.vcproj", "{2F91DB2E-2D3E-44AE-9686-694F4B1798D3}"
	ProjectSection(ProjectDependencies) = postProject
		{78649DCD-6123-4709-BEBD-A6D891EDFA80} = {78649DCD-6123-4709-BEBD-A6D891EDFA80}
		{FD41BDF3-5E44-4E07-898C-F47E34A38074} = {FD41BDF3-5E44-4E07-898C-F47E34A38074}
		{9FEE66FD-3663-4D13-AD12-71CC35596932} = {9FEE66FD-3663-4D13-AD12-71CC35596932}
	EndProjectSection
EndProject
Project("{8BC9CEB8-8B4A-11D0-8D11-00A0C91BC942}") = "ModelCore", "ModelCore\ModelCore.vcproj", "{FD41BDF3-5E44-4E07-898C-F47E34A38074}"
	ProjectSection(ProjectDependencies) = postProject
		{78649DCD-6123-4709-BEBD-A6D891EDFA80} = {78649DCD-6123-4709-BEBD-A6D891EDFA80}
	EndProjectSection
EndProject
Project("{8BC9CEB8-8B4A-11D0-8D11-00A0C91BC942}") = "RulesCore", "RulesCore\RulesCore.vcproj", "{9FEE66FD-3663-4D13-AD12-71CC35596932}"
	ProjectSection(ProjectDependencies) = postProject
		{78649DCD-6123-4709-BEBD-A6D891EDFA80} = {78649DCD-6123-4709-BEBD-A6D891EDFA80}
		{FD41BDF3-5E44-4E07-898C-F47E34A38074} = {FD41BDF3-5E44-4E07-898C-F47E34A38074}
	EndProjectSection
EndProject
Project("{8BC9CEB8-8B4A-11D0-8D11-00A0C91BC942}") = "StandardRules", "StandardRules\StandardRules.vcproj", "{EC3DB963-3B94-42AD-A3D4-2462B51D89F1}"
	ProjectSection(ProjectDependencies) = postProject
		{2F91DB2E-2D3E-44AE-9686-694F4B1798D3} = {2F91DB2E-2D3E-44AE-9686-694F4B1798D3}
		{88ED239B-60B5-4A18-8EBD-7005D751B6AA} = {88ED239B-60B5-4A18-8EBD-7005D751B6AA}
		{78649DCD-6123-4709-BEBD-A6D891EDFA80} = {78649DCD-6123-4709-BEBD-A6D891EDFA80}
		{FD41BDF3-5E44-4E07-898C-F47E34A38074} = {FD41BDF3-5E44-4E07-898C-F47E34A38074}
		{9FEE66FD-3663-4D13-AD12-71CC35596932} = {9FEE66FD-3663-4D13-AD12-71CC35596932}
	EndProjectSection
EndProject
Project("{8BC9CEB8-8B4A-11D0-8D11-00A0C91BC942}") = "CoreRules", "CoreRules\CoreRules.vcproj", "{95E18DE6-F386-4804-A099-BC9E4D7A6BFD}"
	ProjectSection(ProjectDependencies) = postProject
		{2F91DB2E-2D3E-44AE-9686-694F4B1798D3} = {2F91DB2E-2D3E-44AE-9686-694F4B1798D3}
		{88ED239B-60B5-4A18-8EBD-7005D751B6AA} = {88ED239B-60B5-4A18-8EBD-7005D751B6AA}
		{78649DCD-6123-4709-BEBD-A6D891EDFA80} = {78649DCD-6123-4709-BEBD-A6D891EDFA80}
		{FD41BDF3-5E44-4E07-898C-F47E34A38074} = {FD41BDF3-5E44-4E07-898C-F47E34A38074}
		{9FEE66FD-3663-4D13-AD12-71CC35596932} = {9FEE66FD-3663-4D13-AD12-71CC35596932}
	EndProjectSection
EndProject
Project("{8BC9CEB8-8B4A-11D0-8D11-00A0C91BC942}") = "SeafarersRules", "SeafarersRules\SeafarersRules.vcproj", "{18E1DC9C-2343-4616-8E7E-F2DC78C75040}"
	ProjectSection(ProjectDependencies) = postProject
		{2F91DB2E-2D3E-44AE-9686-694F4B1798D3} = {2F91DB2E-2D3E-44AE-9686-694F4B1798D3}
		{88ED239B-60B5-4A18-8EBD-7005D751B6AA} = {88ED239B-60B5-4A18-8EBD-7005D751B6AA}
		{78649DCD-6123-4709-BEBD-A6D891EDFA80} = {78649DCD-6123-4709-BEBD-A6D891EDFA80}
		{FD41BDF3-5E44-4E07-898C-F47E34A38074} = {FD41BDF3-5E44-4E07-898C-F47E34A38074}
		{9FEE66FD-3663-4D13-AD12-71CC35596932} = {9FEE66FD-3663-4D13-AD12-71CC35596932}
	EndProjectSection
EndProject
Project("{8BC9CEB8-8B4A-11D0-8D11-00A0C91BC942}") = "CitiesRules", "CitiesRules\CitiesRules.vcproj", "{2474E2BD-A0F8-42B6-A49B-4D640D341680}"
	ProjectSection(ProjectDependencies) = postProject
		{2F91DB2E-2D3E-44AE-9686-694F4B1798D3} = {2F91DB2E-2D3E-44AE-9686-694F4B1798D3}
		{88ED239B-60B5-4A18-8EBD-7005D751B6AA} = {88ED239B-60B5-4A18-8EBD-7005D751B6AA}
		{78649DCD-6123-4709-BEBD-A6D891EDFA80} = {78649DCD-6123-4709-BEBD-A6D891EDFA80}
		{FD41BDF3-5E44-4E07-898C-F47E34A38074} = {FD41BDF3-5E44-4E07-898C-F47E34A38074}
		{9FEE66FD-3663-4D13-AD12-71CC35596932} = {9FEE66FD-3663-4D13-AD12-71CC35596932}
	EndProjectSection
EndProject
Project("{8BC9CEB8-8B4A-11D0-8D11-00A0C91BC942}") = "NetworkRules", "NetworkRules\NetworkRules.vcproj", "{57777C20-0000-0000-0000-000000000000}"
	ProjectSection(ProjectDependencies) = postProject
		{2F91DB2E-2D3E-44AE-9686-694F4B1798D3} = {2F91DB2E-2D3E-44AE-9686-694F4B1798D3}
		{88ED239B-60B5-4A18-8EBD-7005D751B6AA} = {88ED239B-60B5-4A18-8EBD-7005D751B6AA}
		{78649DCD-6123-4709-BEBD-A6D891EDFA80} = {78649DCD-6123-4709-BEBD-A6D891EDFA80}
		{FD41BDF3-5E44-4E07-898C-F47E34A38074} = {FD41BDF3-5E44-4E07-898C-F47E34A38074}
		{9FEE66FD-3663-4D13-AD12-71CC35596932} = {9FEE66FD-3663-4D13-AD12-71CC35596932}
	EndProjectSection
EndProject
Project("{8BC9CEB8-8B4A-11D0-8D11-00A0C91BC942}") = "GLCore", "GLCore\GLCore.vcproj", "{88ED239B-60B5-4A18-8EBD-7005D751B6AA}"
	ProjectSection(ProjectDependencies) = postProject
		{78649DCD-6123-4709-BEBD-A6D891EDFA80} = {78649DCD-6123-4709-BEBD-A6D891EDFA80}
		{FD41BDF3-5E44-4E07-898C-F47E34A38074} = {FD41BDF3-5E44-4E07-898C-F47E34A38074}
		{9FEE66FD-3663-4D13-AD12-71CC35596932} = {9FEE66FD-3663-4D13-AD12-71CC35596932}
	EndProjectSection
EndProject
Project("{8BC9CEB8-8B4A-11D0-8D11-00A0C91BC942}") = "VolcanoRules", "VolcanoRules\VolcanoRules.vcproj", "{71E46223-2E42-48E1-8AD8-DE0D9B466B75}"
	ProjectSection(ProjectDependencies) = postProject
		{2F91DB2E-2D3E-44AE-9686-694F4B1798D3} = {2F91DB2E-2D3E-44AE-9686-694F4B1798D3}
		{78649DCD-6123-4709-BEBD-A6D891EDFA80} = {78649DCD-6123-4709-BEBD-A6D891EDFA80}
		{FD41BDF3-5E44-4E07-898C-F47E34A38074} = {FD41BDF3-5E44-4E07-898C-F47E34A38074}
		{9FEE66FD-3663-4D13-AD12-71CC35596932} = {9FEE66FD-3663-4D13-AD12-71CC35596932}
	EndProjectSection
EndProject
Project("{8BC9CEB8-8B4A-11D0-8D11-00A0C91BC942}") = "TexEditor", "TexEditor\TexEditor.vcproj", "{16E2D6DC-7857-4725-857B-FF390B724719}"
	ProjectSection(ProjectDependencies) = postProject
		{2F91DB2E-2D3E-44AE-9686-694F4B1798D3} = {2F91DB2E-2D3E-44AE-9686-694F4B1798D3}
		{78649DCD-6123-4709-BEBD-A6D891EDFA80} = {78649DCD-6123-4709-BEBD-A6D891EDFA80}
		{FD41BDF3-5E44-4E07-898C-F47E34A38074} = {FD41BDF3-5E44-4E07-898C-F47E34A38074}
		{9FEE66FD-3663-4D13-AD12-71CC35596932} = {9FEE66FD-3663-4D13-AD12-71CC35596932}
	EndProjectSection
EndProject
Project("{8BC9CEB8-8B4A-11D0-8D11-00A0C91BC942}") = "CitiesOnlineRules", "CitiesOnlineRules\CitiesOnlineRules.vcproj", "{2E4B1C44-C07A-432A-A6E4-FD1BECFCBC42}"
	ProjectSection(ProjectDependencies) = postProject
		{2F91DB2E-2D3E-44AE-9686-694F4B1798D3} = {2F91DB2E-2D3E-44AE-9686-694F4B1798D3}
		{78649DCD-6123-4709-BEBD-A6D891EDFA80} = {78649DCD-6123-4709-BEBD-A6D891EDFA80}
		{FD41BDF3-5E44-4E07-898C-F47E34A38074} = {FD41BDF3-5E44-4E07-898C-F47E34A38074}
		{9FEE66FD-3663-4D13-AD12-71CC35596932} = {9FEE66FD-3663-4D13-AD12-71CC35596932}
	EndProjectSection
EndProject
Project("{8BC9CEB8-8B4A-11D0-8D11-00A0C91BC942}") = "CitiesOnline", "CitiesOnline\CitiesOnline.vcproj", "{323347E2-979E-4719-BFCE-94FB81D15F3C}"
	ProjectSection(ProjectDependencies) = postProject
		{9FEE66FD-3663-4D13-AD12-71CC35596932} = {9FEE66FD-3663-4D13-AD12-71CC35596932}
		{FD41BDF3-5E44-4E07-898C-F47E34A38074} = {FD41BDF3-5E44-4E07-898C-F47E34A38074}
		{78649DCD-6123-4709-BEBD-A6D891EDFA80} = {78649DCD-6123-4709-BEBD-A6D891EDFA80}
		{2F91DB2E-2D3E-44AE-9686-694F4B1798D3} = {2F91DB2E-2D3E-44AE-9686-694F4B1798D3}
	EndProjectSection
EndProject
Project("{8BC9CEB8-8B4A-11D0-8D11-00A0C91BC942}") = "json_spirit", "json_spirit\json_spirit.vcproj", "{E87195D8-EDE5-471C-9ED5-4C70BEF44DD6}"
EndProject
Global
	GlobalSection(SolutionConfigurationPlatforms) = preSolution
		Unicode Debug|Win32 = Unicode Debug|Win32
		Unicode Final|Win32 = Unicode Final|Win32
		Unicode Release|Win32 = Unicode Release|Win32
	EndGlobalSection
	GlobalSection(ProjectConfigurationPlatforms) = postSolution
		{AD1A3536-8733-4020-8F47-0EF8DF13C51E}.Unicode Debug|Win32.ActiveCfg = Unicode Debug|Win32
		{AD1A3536-8733-4020-8F47-0EF8DF13C51E}.Unicode Debug|Win32.Build.0 = Unicode Debug|Win32
		{AD1A3536-8733-4020-8F47-0EF8DF13C51E}.Unicode Final|Win32.ActiveCfg = Unicode Final|Win32
		{AD1A3536-8733-4020-8F47-0EF8DF13C51E}.Unicode Final|Win32.Build.0 = Unicode Final|Win32
		{AD1A3536-8733-4020-8F47-0EF8DF13C51E}.Unicode Release|Win32.ActiveCfg = Unicode Release|Win32
		{AD1A3536-8733-4020-8F47-0EF8DF13C51E}.Unicode Release|Win32.Build.0 = Unicode Release|Win32
		{78649DCD-6123-4709-BEBD-A6D891EDFA80}.Unicode Debug|Win32.ActiveCfg = Unicode Debug|Win32
		{78649DCD-6123-4709-BEBD-A6D891EDFA80}.Unicode Debug|Win32.Build.0 = Unicode Debug|Win32
		{78649DCD-6123-4709-BEBD-A6D891EDFA80}.Unicode Final|Win32.ActiveCfg = Unicode Final|Win32
		{78649DCD-6123-4709-BEBD-A6D891EDFA80}.Unicode Final|Win32.Build.0 = Unicode Final|Win32
		{78649DCD-6123-4709-BEBD-A6D891EDFA80}.Unicode Release|Win32.ActiveCfg = Unicode Release|Win32
		{78649DCD-6123-4709-BEBD-A6D891EDFA80}.Unicode Release|Win32.Build.0 = Unicode Release|Win32
		{2F91DB2E-2D3E-44AE-9686-694F4B1798D3}.Unicode Debug|Win32.ActiveCfg = Unicode Debug|Win32
		{2F91DB2E-2D3E-44AE-9686-694F4B1798D3}.Unicode Debug|Win32.Build.0 = Unicode Debug|Win32
		{2F91DB2E-2D3E-44AE-9686-694F4B1798D3}.Unicode Final|Win32.ActiveCfg = Unicode Final|Win32
		{2F91DB2E-2D3E-44AE-9686-694F4B1798D3}.Unicode Final|Win32.Build.0 = Unicode Final|Win32
		{2F91DB2E-2D3E-44AE-9686-694F4B1798D3}.Unicode Release|Win32.ActiveCfg = Unicode Release|Win32
		{2F91DB2E-2D3E-44AE-9686-694F4B1798D3}.Unicode Release|Win32.Build.0 = Unicode Release|Win32
		{FD41BDF3-5E44-4E07-898C-F47E34A38074}.Unicode Debug|Win32.ActiveCfg = Unicode Debug|Win32
		{FD41BDF3-5E44-4E07-898C-F47E34A38074}.Unicode Debug|Win32.Build.0 = Unicode Debug|Win32
		{FD41BDF3-5E44-4E07-898C-F47E34A38074}.Unicode Final|Win32.ActiveCfg = Unicode Final|Win32
		{FD41BDF3-5E44-4E07-898C-F47E34A38074}.Unicode Final|Win32.Build.0 = Unicode Final|Win32
		{FD41BDF3-5E44-4E07-898C-F47E34A38074}.Unicode Release|Win32.ActiveCfg = Unicode Release|Win32
		{FD41BDF3-5E44-4E07-898C-F47E34A38074}.Unicode Release|Win32.Build.0 = Unicode Release|Win32
		{9FEE66FD-3663-4D13-AD12-71CC35596932}.Unicode Debug|Win32.ActiveCfg = Unicode Debug|Win32
		{9FEE66FD-3663-4D13-AD12-71CC35596932}.Unicode Debug|Win32.Build.0 = Unicode Debug|Win32
		{9FEE66FD-3663-4D13-AD12-71CC35596932}.Unicode Final|Win32.ActiveCfg = Unicode Final|Win32
		{9FEE66FD-3663-4D13-AD12-71CC35596932}.Unicode Final|Win32.Build.0 = Unicode Final|Win32
		{9FEE66FD-3663-4D13-AD12-71CC35596932}.Unicode Release|Win32.ActiveCfg = Unicode Release|Win32
		{9FEE66FD-3663-4D13-AD12-71CC35596932}.Unicode Release|Win32.Build.0 = Unicode Release|Win32
		{EC3DB963-3B94-42AD-A3D4-2462B51D89F1}.Unicode Debug|Win32.ActiveCfg = Unicode Debug|Win32
		{EC3DB963-3B94-42AD-A3D4-2462B51D89F1}.Unicode Debug|Win32.Build.0 = Unicode Debug|Win32
		{EC3DB963-3B94-42AD-A3D4-2462B51D89F1}.Unicode Final|Win32.ActiveCfg = Unicode Final|Win32
		{EC3DB963-3B94-42AD-A3D4-2462B51D89F1}.Unicode Final|Win32.Build.0 = Unicode Final|Win32
		{EC3DB963-3B94-42AD-A3D4-2462B51D89F1}.Unicode Release|Win32.ActiveCfg = Unicode Release|Win32
		{EC3DB963-3B94-42AD-A3D4-2462B51D89F1}.Unicode Release|Win32.Build.0 = Unicode Release|Win32
		{95E18DE6-F386-4804-A099-BC9E4D7A6BFD}.Unicode Debug|Win32.ActiveCfg = Unicode Debug|Win32
		{95E18DE6-F386-4804-A099-BC9E4D7A6BFD}.Unicode Debug|Win32.Build.0 = Unicode Debug|Win32
		{95E18DE6-F386-4804-A099-BC9E4D7A6BFD}.Unicode Final|Win32.ActiveCfg = Unicode Final|Win32
		{95E18DE6-F386-4804-A099-BC9E4D7A6BFD}.Unicode Final|Win32.Build.0 = Unicode Final|Win32
		{95E18DE6-F386-4804-A099-BC9E4D7A6BFD}.Unicode Release|Win32.ActiveCfg = Unicode Release|Win32
		{95E18DE6-F386-4804-A099-BC9E4D7A6BFD}.Unicode Release|Win32.Build.0 = Unicode Release|Win32
		{18E1DC9C-2343-4616-8E7E-F2DC78C75040}.Unicode Debug|Win32.ActiveCfg = Unicode Debug|Win32
		{18E1DC9C-2343-4616-8E7E-F2DC78C75040}.Unicode Debug|Win32.Build.0 = Unicode Debug|Win32
		{18E1DC9C-2343-4616-8E7E-F2DC78C75040}.Unicode Final|Win32.ActiveCfg = Unicode Final|Win32
		{18E1DC9C-2343-4616-8E7E-F2DC78C75040}.Unicode Final|Win32.Build.0 = Unicode Final|Win32
		{18E1DC9C-2343-4616-8E7E-F2DC78C75040}.Unicode Release|Win32.ActiveCfg = Unicode Release|Win32
		{18E1DC9C-2343-4616-8E7E-F2DC78C75040}.Unicode Release|Win32.Build.0 = Unicode Release|Win32
		{2474E2BD-A0F8-42B6-A49B-4D640D341680}.Unicode Debug|Win32.ActiveCfg = Unicode Debug|Win32
		{2474E2BD-A0F8-42B6-A49B-4D640D341680}.Unicode Debug|Win32.Build.0 = Unicode Debug|Win32
		{2474E2BD-A0F8-42B6-A49B-4D640D341680}.Unicode Final|Win32.ActiveCfg = Unicode Final|Win32
		{2474E2BD-A0F8-42B6-A49B-4D640D341680}.Unicode Final|Win32.Build.0 = Unicode Final|Win32
		{2474E2BD-A0F8-42B6-A49B-4D640D341680}.Unicode Release|Win32.ActiveCfg = Unicode Release|Win32
		{2474E2BD-A0F8-42B6-A49B-4D640D341680}.Unicode Release|Win32.Build.0 = Unicode Release|Win32
		{57777C20-0000-0000-0000-000000000000}.Unicode Debug|Win32.ActiveCfg = Unicode Debug|Win32
		{57777C20-0000-0000-0000-000000000000}.Unicode Debug|Win32.Build.0 = Unicode Debug|Win32
		{57777C20-0000-0000-0000-000000000000}.Unicode Final|Win32.ActiveCfg = Unicode Final|Win32
		{57777C20-0000-0000-0000-000000000000}.Unicode Final|Win32.Build.0 = Unicode Final|Win32
		{57777C20-0000-0000-0000-000000000000}.Unicode Release|Win32.ActiveCfg = Unicode Release|Win32
		{57777C20-0000-0000-0000-000000000000}.Unicode Release|Win32.Build.0 = Unicode Release|Win32
		{88ED239B-60B5-4A18-8EBD-7005D751B6AA}.Unicode Debug|Win32.ActiveCfg = Unicode Debug|Win32
		{88ED239B-60B5-4A18-8EBD-7005D751B6AA}.Unicode Debug|Win32.Build.0 = Unicode Debug|Win32
		{88ED239B-60B5-4A18-8EBD-7005D751B6AA}.Unicode Final|Win32.ActiveCfg = Unicode Final|Win32
		{88ED239B-60B5-4A18-8EBD-7005D751B6AA}.Unicode Final|Win32.Build.0 = Unicode Final|Win32
		{88ED239B-60B5-4A18-8EBD-7005D751B6AA}.Unicode Release|Win32.ActiveCfg = Unicode Release|Win32
		{88ED239B-60B5-4A18-8EBD-7005D751B6AA}.Unicode Release|Win32.Build.0 = Unicode Release|Win32
		{71E46223-2E42-48E1-8AD8-DE0D9B466B75}.Unicode Debug|Win32.ActiveCfg = Unicode Debug|Win32
		{71E46223-2E42-48E1-8AD8-DE0D9B466B75}.Unicode Debug|Win32.Build.0 = Unicode Debug|Win32
		{71E46223-2E42-48E1-8AD8-DE0D9B466B75}.Unicode Final|Win32.ActiveCfg = Unicode Final|Win32
		{71E46223-2E42-48E1-8AD8-DE0D9B466B75}.Unicode Final|Win32.Build.0 = Unicode Final|Win32
		{71E46223-2E42-48E1-8AD8-DE0D9B466B75}.Unicode Release|Win32.ActiveCfg = Unicode Release|Win32
		{71E46223-2E42-48E1-8AD8-DE0D9B466B75}.Unicode Release|Win32.Build.0 = Unicode Release|Win32
		{16E2D6DC-7857-4725-857B-FF390B724719}.Unicode Debug|Win32.ActiveCfg = Unicode Debug|Win32
		{16E2D6DC-7857-4725-857B-FF390B724719}.Unicode Debug|Win32.Build.0 = Unicode Debug|Win32
		{16E2D6DC-7857-4725-857B-FF390B724719}.Unicode Final|Win32.ActiveCfg = Unicode Final|Win32
		{16E2D6DC-7857-4725-857B-FF390B724719}.Unicode Final|Win32.Build.0 = Unicode Final|Win32
		{16E2D6DC-7857-4725-857B-FF390B724719}.Unicode Release|Win32.ActiveCfg = Unicode Release|Win32
		{16E2D6DC-7857-4725-857B-FF390B724719}.Unicode Release|Win32.Build.0 = Unicode Release|Win32
		{2E4B1C44-C07A-432A-A6E4-FD1BECFCBC42}.Unicode Debug|Win32.ActiveCfg = Unicode Debug|Win32
		{2E4B1C44-C07A-432A-A6E4-FD1BECFCBC42}.Unicode Debug|Win32.Build.0 = Unicode Debug|Win32
		{2E4B1C44-C07A-432A-A6E4-FD1BECFCBC42}.Unicode Final|Win32.ActiveCfg = Unicode Final|Win32
		{2E4B1C44-C07A-432A-A6E4-FD1BECFCBC42}.Unicode Final|Win32.Build.0 = Unicode Final|Win32
		{2E4B1C44-C07A-432A-A6E4-FD1BECFCBC42}.Unicode Release|Win32.ActiveCfg = Unicode Release|Win32
		{2E4B1C44-C07A-432A-A6E4-FD1BECFCBC42}.Unicode Release|Win32.Build.0 = Unicode Release|Win32
		{323347E2-979E-4719-BFCE-94FB81D15F3C}.Unicode Debug|Win32.ActiveCfg = Unicode Debug|Win32
		{323347E2-979E-4719-BFCE-94FB81D15F3C}.Unicode Debug|Win32.Build.0 = Unicode Debug|Win32
		{323347E2-979E-4719-BFCE-94FB81D15F3C}.Unicode Final|Win32.ActiveCfg = Unicode Final|Win32
		{323347E2-979E-4719-BFCE-94FB81D15F3C}.Unicode Final|Win32.Build.0 = Unicode Final|Win32
		{323347E2-979E-4719-BFCE-94FB81D15F3C}.Unicode Release|Win32.ActiveCfg = Unicode Release|Win32
		{323347E2-979E-4719-BFCE-94FB81D15F3C}.Unicode Release|Win32.Build.0 = Unicode Release|Win32
		{E87195D8-EDE5-471C-9ED5-4C70BEF44DD6}.Unicode Debug|Win32.ActiveCfg = Unicode Debug|Win32
		{E87195D8-EDE5-471C-9ED5-4C70BEF44DD6}.Unicode Debug|Win32.Build.0 = Unicode Debug|Win32
		{E87195D8-EDE5-471C-9ED5-4C70BEF44DD6}.Unicode Final|Win32.ActiveCfg = Unicode Final|Win32
		{E87195D8-EDE5-471C-9ED5-4C70BEF44DD6}.Unicode Final|Win32.Build.0 = Unicode Final|Win32
		{E87195D8-EDE5-471C-9ED5-4C70BEF44DD6}.Unicode Release|Win32.ActiveCfg = Unicode Release|Win32
		{E87195D8-EDE5-471C-9ED5-4C70BEF44DD6}.Unicode Release|Win32.Build.0 = Unicode Release|Win32
	EndGlobalSection
	GlobalSection(SolutionProperties) = preSolution
		HideSolutionNode = FALSE
	EndGlobalSection
EndGlobal
